
Microsoft Visual Studio Solution File, Format Version 12.00
# Visual Studio Version 17
VisualStudioVersion = 17.3.32825.248
MinimumVisualStudioVersion = 10.0.40219.1
Project("{8BC9CEB8-8B4A-11D0-8D11-00A0C91BC942}") = "Zodiac Pointer", "Zodiac Pointer\Zodiac Pointer.vcxproj", "{55CF7585-2374-4FDE-95FF-161CF813D0E5}"
EndProject
Global
	GlobalSection(SolutionConfigurationPlatforms) = preSolution
		Debug|x64 = Debug|x64
		Debug|x86 = Debug|x86
		Release|x64 = Release|x64
		Release|x86 = Release|x86
	EndGlobalSection
	GlobalSection(ProjectConfigurationPlatforms) = postSolution
		{55CF7585-2374-4FDE-95FF-161CF813D0E5}.Debug|x64.ActiveCfg = Debug|x64
		{55CF7585-2374-4FDE-95FF-161CF813D0E5}.Debug|x64.Build.0 = Debug|x64
		{55CF7585-2374-4FDE-95FF-161CF813D0E5}.Debug|x86.ActiveCfg = Debug|Win32
		{55CF7585-2374-4FDE-95FF-161CF813D0E5}.Debug|x86.Build.0 = Debug|Win32
		{55CF7585-2374-4FDE-95FF-161CF813D0E5}.Release|x64.ActiveCfg = Release|x64
		{55CF7585-2374-4FDE-95FF-161CF813D0E5}.Release|x64.Build.0 = Release|x64
		{55CF7585-2374-4FDE-95FF-161CF813D0E5}.Release|x86.ActiveCfg = Release|Win32
		{55CF7585-2374-4FDE-95FF-161CF813D0E5}.Release|x86.Build.0 = Release|Win32
	EndGlobalSection
	GlobalSection(SolutionProperties) = preSolution
		HideSolutionNode = FALSE
	EndGlobalSection
	GlobalSection(ExtensibilityGlobals) = postSolution
		SolutionGuid = {77DD89D6-1900-4EC5-A25B-7984426FFE89}
	EndGlobalSection
EndGlobal
